
Microsoft Visual Studio Solution File, Format Version 12.00
# Visual Studio Version 17
VisualStudioVersion = 17.9.34902.65
MinimumVisualStudioVersion = 10.0.40219.1
Project("{FAE04EC0-301F-11D3-BF4B-00C04F79EFBC}") = "ProjetoMVCContato", "ProjetoMVCContato.csproj", "{149A4393-F126-49FA-8914-16908BE1D0BA}"
EndProject
Global
	GlobalSection(SolutionConfigurationPlatforms) = preSolution
		Debug|Any CPU = Debug|Any CPU
		Release|Any CPU = Release|Any CPU
	EndGlobalSection
	GlobalSection(ProjectConfigurationPlatforms) = postSolution
		{149A4393-F126-49FA-8914-16908BE1D0BA}.Debug|Any CPU.ActiveCfg = Debug|Any CPU
		{149A4393-F126-49FA-8914-16908BE1D0BA}.Debug|Any CPU.Build.0 = Debug|Any CPU
		{149A4393-F126-49FA-8914-16908BE1D0BA}.Release|Any CPU.ActiveCfg = Release|Any CPU
		{149A4393-F126-49FA-8914-16908BE1D0BA}.Release|Any CPU.Build.0 = Release|Any CPU
	EndGlobalSection
	GlobalSection(SolutionProperties) = preSolution
		HideSolutionNode = FALSE
	EndGlobalSection
	GlobalSection(ExtensibilityGlobals) = postSolution
		SolutionGuid = {E4F8BB90-DBFF-4652-8E7E-FDF4911EB549}
	EndGlobalSection
EndGlobal
